{
    "version": 3,
    "terraform_version": "0.8.5",
    "serial": 17,
    "lineage": "236c3c29-e7ad-42ac-aa81-97ed9b0fad25",
    "modules": [
        {
            "path": [
                "root"
            ],
            "outputs": {},
            "resources": {
                "aws_key_pair.auth": {
                    "type": "aws_key_pair",
                    "depends_on": [],
                    "primary": {
                        "id": "terraform",
                        "attributes": {
                            "fingerprint": "2d:d0:be:65:4d:86:4a:51:f1:bd:3f:f3:56:9b:fd:c6",
                            "id": "terraform",
                            "key_name": "terraform",
                            "public_key": "ssh-rsa AAAAB3NzaC1yc2EAAAADAQABAAABAQDQj4qkS6ZC7GGN/AVZiN2ng/GbvyuO8unGgjlgEquRm4eBzGOJ15Dbs3bLoimN0UXtfLctKjPz/6nHqQvOwKwwfD4QS5b+6p3xp0P3flnS5fvkJbZjeQx7NWuNtMKTcLGe8/Wgt4IF3KVmf8pde7I33WNlHmVd03Y0bOaLFQrC33taH1LEHd/CLyOjIiShnMvqC4yYD4oDCQEctjCWuYeluWxGTKPFWVBg2qBk6XQHZNOwQew/2V/Q2uOEY7ak7YzzSBWmMEwZC77DOfcPBsvScgsc3zyymyjEGYZr0GA+l/fL7SMcs63xdQJba6sL553L+eduVZ3B0JPlAQzOaKI9 vagrant@ubuntu-1610"
                        },
                        "meta": {
                            "schema_version": "1"
                        },
                        "tainted": false
                    },
                    "deposed": [],
                    "provider": ""
                },
                "aws_vpc.default": {
                    "type": "aws_vpc",
                    "depends_on": [],
                    "primary": {
                        "id": "vpc-edf9668a",
                        "attributes": {
                            "cidr_block": "10.0.0.0/16",
                            "default_network_acl_id": "acl-471b5520",
                            "default_route_table_id": "rtb-d48bb8b3",
                            "default_security_group_id": "sg-6371191b",
                            "dhcp_options_id": "dopt-d825dfbd",
                            "enable_classiclink": "false",
                            "enable_dns_hostnames": "false",
                            "enable_dns_support": "true",
                            "id": "vpc-edf9668a",
                            "instance_tenancy": "default",
                            "main_route_table_id": "rtb-d48bb8b3",
                            "tags.%": "0"
                        },
                        "meta": {},
                        "tainted": false
                    },
                    "deposed": [],
                    "provider": ""
                }
            },
            "depends_on": []
        }
    ]
}
